name: Update flake.lock

on:
  schedule:
    - cron: "0 0 * * 1,4"
  workflow_dispatch:

jobs:
  lockfile:
    runs-on: ubuntu-22.04
    steps:
      - name: Checkout repository
        uses: actions/checkout@v3
      - name: Install Nix
        uses: cachix/install-nix-action@v20
        with:
          extra_nix_config: |
            access-tokens = github.com=${{ secrets.GITHUB_TOKEN }}
      - name: Update flake.lock
        uses: DeterminateSystems/update-flake-lock@v15
        with:
          commit-msg: "chore: update flake.lock"
          gpg-fingerprint: ${{ secrets.GPG_FINGERPRINT }}
          gpg-passphrase: ${{ secrets.GPG_PASSPHRASE }}
          gpg-private-key: ${{ secrets.GPG_PRIVATE_KEY }}
          sign-commits: true
          token: ${{ secrets.UPDATE_FLAKE_LOCK_TOKEN }}
