name: Update flake.lock

on:
  schedule:
    - cron: "0 0 * * 1,4"
  workflow_dispatch:

jobs:
  lockfile:
    runs-on: ubuntu-22.04
    steps:
      - name: Checkout repository
        uses: actions/checkout@v3
      - name: Install Nix
        uses: cachix/install-nix-action@v17
        with:
          extra_nix_config: |
            access-tokens = github.com=${{ secrets.GITHUB_TOKEN }}
      - name: Update flake.lock
        uses: DeterminateSystems/update-flake-lock@v12
        with:
          commit-msg: "chore: update flake.lock"
